
Microsoft Visual Studio Solution File, Format Version 12.00
# Visual Studio Version 16
VisualStudioVersion = 16.0.28531.58
MinimumVisualStudioVersion = 10.0.40219.1
Project("{FAE04EC0-301F-11D3-BF4B-00C04F79EFBC}") = "Report_Mail", "Report_Mail\Report_Mail.csproj", "{822A38C1-B7AF-4516-97FF-9EE635D84AC0}"
EndProject
Project("{FAE04EC0-301F-11D3-BF4B-00C04F79EFBC}") = "Prof", "..\Prof\Prof.csproj", "{5C839420-E2D8-4988-9362-C107F5BD4D8B}"
EndProject
Global
	GlobalSection(SolutionConfigurationPlatforms) = preSolution
		Debug|Any CPU = Debug|Any CPU
		Release|Any CPU = Release|Any CPU
	EndGlobalSection
	GlobalSection(ProjectConfigurationPlatforms) = postSolution
		{822A38C1-B7AF-4516-97FF-9EE635D84AC0}.Debug|Any CPU.ActiveCfg = Debug|Any CPU
		{822A38C1-B7AF-4516-97FF-9EE635D84AC0}.Debug|Any CPU.Build.0 = Debug|Any CPU
		{822A38C1-B7AF-4516-97FF-9EE635D84AC0}.Release|Any CPU.ActiveCfg = Release|Any CPU
		{822A38C1-B7AF-4516-97FF-9EE635D84AC0}.Release|Any CPU.Build.0 = Release|Any CPU
		{5C839420-E2D8-4988-9362-C107F5BD4D8B}.Debug|Any CPU.ActiveCfg = Debug|Any CPU
		{5C839420-E2D8-4988-9362-C107F5BD4D8B}.Debug|Any CPU.Build.0 = Debug|Any CPU
		{5C839420-E2D8-4988-9362-C107F5BD4D8B}.Release|Any CPU.ActiveCfg = Release|Any CPU
		{5C839420-E2D8-4988-9362-C107F5BD4D8B}.Release|Any CPU.Build.0 = Release|Any CPU
	EndGlobalSection
	GlobalSection(SolutionProperties) = preSolution
		HideSolutionNode = FALSE
	EndGlobalSection
	GlobalSection(ExtensibilityGlobals) = postSolution
		SolutionGuid = {F3C409AB-7DD8-41CA-B1F2-5A8D0EAAC165}
	EndGlobalSection
EndGlobal
