
Microsoft Visual Studio Solution File, Format Version 12.00
# Visual Studio 15
VisualStudioVersion = 15.0.28307.421
MinimumVisualStudioVersion = 10.0.40219.1
Project("{FAE04EC0-301F-11D3-BF4B-00C04F79EFBC}") = "Report_Mail", "Report_Mail\Report_Mail.csproj", "{822A38C1-B7AF-4516-97FF-9EE635D84AC0}"
EndProject
Project("{FAE04EC0-301F-11D3-BF4B-00C04F79EFBC}") = "Prof", "..\Prof\Prof.csproj", "{5C839420-E2D8-4988-9362-C107F5BD4D8B}"
EndProject
Project("{FAE04EC0-301F-11D3-BF4B-00C04F79EFBC}") = "MySqlConn", "..\MySqlConn\MySqlConn.csproj", "{F24F445B-980F-4D0E-980B-301B87AE6FB8}"
EndProject
Global
	GlobalSection(SolutionConfigurationPlatforms) = preSolution
		Debug|Any CPU = Debug|Any CPU
		Release|Any CPU = Release|Any CPU
	EndGlobalSection
	GlobalSection(ProjectConfigurationPlatforms) = postSolution
		{822A38C1-B7AF-4516-97FF-9EE635D84AC0}.Debug|Any CPU.ActiveCfg = Debug|Any CPU
		{822A38C1-B7AF-4516-97FF-9EE635D84AC0}.Debug|Any CPU.Build.0 = Debug|Any CPU
		{822A38C1-B7AF-4516-97FF-9EE635D84AC0}.Release|Any CPU.ActiveCfg = Release|Any CPU
		{822A38C1-B7AF-4516-97FF-9EE635D84AC0}.Release|Any CPU.Build.0 = Release|Any CPU
		{5C839420-E2D8-4988-9362-C107F5BD4D8B}.Debug|Any CPU.ActiveCfg = Debug|Any CPU
		{5C839420-E2D8-4988-9362-C107F5BD4D8B}.Debug|Any CPU.Build.0 = Debug|Any CPU
		{5C839420-E2D8-4988-9362-C107F5BD4D8B}.Release|Any CPU.ActiveCfg = Release|Any CPU
		{5C839420-E2D8-4988-9362-C107F5BD4D8B}.Release|Any CPU.Build.0 = Release|Any CPU
		{F24F445B-980F-4D0E-980B-301B87AE6FB8}.Debug|Any CPU.ActiveCfg = Debug|Any CPU
		{F24F445B-980F-4D0E-980B-301B87AE6FB8}.Debug|Any CPU.Build.0 = Debug|Any CPU
		{F24F445B-980F-4D0E-980B-301B87AE6FB8}.Release|Any CPU.ActiveCfg = Release|Any CPU
		{F24F445B-980F-4D0E-980B-301B87AE6FB8}.Release|Any CPU.Build.0 = Release|Any CPU
	EndGlobalSection
	GlobalSection(SolutionProperties) = preSolution
		HideSolutionNode = FALSE
	EndGlobalSection
	GlobalSection(ExtensibilityGlobals) = postSolution
		SolutionGuid = {F3C409AB-7DD8-41CA-B1F2-5A8D0EAAC165}
	EndGlobalSection
EndGlobal
